
Microsoft Visual Studio Solution File, Format Version 12.00
# Visual Studio Version 17
VisualStudioVersion = 17.4.33213.308
MinimumVisualStudioVersion = 10.0.40219.1
Project("{FAE04EC0-301F-11D3-BF4B-00C04F79EFBC}") = "WPF_WORDPADD", "WPF_WORDPADD\WPF_WORDPADD.csproj", "{82A1C668-D595-486C-B4B2-258A5D4C0B8E}"
EndProject
Global
	GlobalSection(SolutionConfigurationPlatforms) = preSolution
		Debug|Any CPU = Debug|Any CPU
		Release|Any CPU = Release|Any CPU
	EndGlobalSection
	GlobalSection(ProjectConfigurationPlatforms) = postSolution
		{82A1C668-D595-486C-B4B2-258A5D4C0B8E}.Debug|Any CPU.ActiveCfg = Debug|Any CPU
		{82A1C668-D595-486C-B4B2-258A5D4C0B8E}.Debug|Any CPU.Build.0 = Debug|Any CPU
		{82A1C668-D595-486C-B4B2-258A5D4C0B8E}.Release|Any CPU.ActiveCfg = Release|Any CPU
		{82A1C668-D595-486C-B4B2-258A5D4C0B8E}.Release|Any CPU.Build.0 = Release|Any CPU
	EndGlobalSection
	GlobalSection(SolutionProperties) = preSolution
		HideSolutionNode = FALSE
	EndGlobalSection
	GlobalSection(ExtensibilityGlobals) = postSolution
		SolutionGuid = {C5C81985-0AAC-4E5E-9D70-1BEFE0B35EA1}
	EndGlobalSection
EndGlobal
